
Microsoft Visual Studio Solution File, Format Version 12.00
# Visual Studio Version 16
VisualStudioVersion = 16.0.30804.86
MinimumVisualStudioVersion = 10.0.40219.1
Project("{FAE04EC0-301F-11D3-BF4B-00C04F79EFBC}") = "Zadatak1BlowingExample", "Zadatak1BlowingExample\Zadatak1BlowingExample.csproj", "{2193F232-5C20-4AD0-A130-48B441D60270}"
EndProject
Project("{FAE04EC0-301F-11D3-BF4B-00C04F79EFBC}") = "ConsoleAppBowling", "ConsoleAppBowling\ConsoleAppBowling.csproj", "{E30143F6-E993-45FA-97C2-174644DB42CF}"
EndProject
Global
	GlobalSection(SolutionConfigurationPlatforms) = preSolution
		Debug|Any CPU = Debug|Any CPU
		Release|Any CPU = Release|Any CPU
	EndGlobalSection
	GlobalSection(ProjectConfigurationPlatforms) = postSolution
		{2193F232-5C20-4AD0-A130-48B441D60270}.Debug|Any CPU.ActiveCfg = Debug|Any CPU
		{2193F232-5C20-4AD0-A130-48B441D60270}.Debug|Any CPU.Build.0 = Debug|Any CPU
		{2193F232-5C20-4AD0-A130-48B441D60270}.Release|Any CPU.ActiveCfg = Release|Any CPU
		{2193F232-5C20-4AD0-A130-48B441D60270}.Release|Any CPU.Build.0 = Release|Any CPU
		{E30143F6-E993-45FA-97C2-174644DB42CF}.Debug|Any CPU.ActiveCfg = Debug|Any CPU
		{E30143F6-E993-45FA-97C2-174644DB42CF}.Debug|Any CPU.Build.0 = Debug|Any CPU
		{E30143F6-E993-45FA-97C2-174644DB42CF}.Release|Any CPU.ActiveCfg = Release|Any CPU
		{E30143F6-E993-45FA-97C2-174644DB42CF}.Release|Any CPU.Build.0 = Release|Any CPU
	EndGlobalSection
	GlobalSection(SolutionProperties) = preSolution
		HideSolutionNode = FALSE
	EndGlobalSection
	GlobalSection(ExtensibilityGlobals) = postSolution
		SolutionGuid = {16D7183D-549F-4AE0-A5AB-D0019133A806}
	EndGlobalSection
EndGlobal
